
Microsoft Visual Studio Solution File, Format Version 12.00
# Visual Studio 2013
VisualStudioVersion = 12.0.21005.1
MinimumVisualStudioVersion = 10.0.40219.1
Project("{FAE04EC0-301F-11D3-BF4B-00C04F79EFBC}") = "ConsoleBuilderV2", "ConsoleBuilderV2\ConsoleBuilderV2.csproj", "{089ECD06-1653-47A4-AE87-D5C43B02EEE9}"
EndProject
Project("{F088123C-0E9E-452A-89E6-6BA2F21D5CAC}") = "UMLPatronBuilder", "UMLPatronBuilder\UMLPatronBuilder.modelproj", "{BB720DE3-9456-4A26-AFB0-BF07FD9BEF89}"
EndProject
Global
	GlobalSection(SolutionConfigurationPlatforms) = preSolution
		Debug|Any CPU = Debug|Any CPU
		Release|Any CPU = Release|Any CPU
	EndGlobalSection
	GlobalSection(ProjectConfigurationPlatforms) = postSolution
		{089ECD06-1653-47A4-AE87-D5C43B02EEE9}.Debug|Any CPU.ActiveCfg = Debug|Any CPU
		{089ECD06-1653-47A4-AE87-D5C43B02EEE9}.Debug|Any CPU.Build.0 = Debug|Any CPU
		{089ECD06-1653-47A4-AE87-D5C43B02EEE9}.Release|Any CPU.ActiveCfg = Release|Any CPU
		{089ECD06-1653-47A4-AE87-D5C43B02EEE9}.Release|Any CPU.Build.0 = Release|Any CPU
		{BB720DE3-9456-4A26-AFB0-BF07FD9BEF89}.Debug|Any CPU.ActiveCfg = Debug|Any CPU
		{BB720DE3-9456-4A26-AFB0-BF07FD9BEF89}.Debug|Any CPU.Build.0 = Debug|Any CPU
		{BB720DE3-9456-4A26-AFB0-BF07FD9BEF89}.Release|Any CPU.ActiveCfg = Release|Any CPU
		{BB720DE3-9456-4A26-AFB0-BF07FD9BEF89}.Release|Any CPU.Build.0 = Release|Any CPU
	EndGlobalSection
	GlobalSection(SolutionProperties) = preSolution
		HideSolutionNode = FALSE
	EndGlobalSection
EndGlobal
